
Microsoft Visual Studio Solution File, Format Version 10.00
# Visual Studio 2008
Project("{FAE04EC0-301F-11D3-BF4B-00C04F79EFBC}") = "Fling", "Fling\Fling.csproj", "{EFD93F97-5268-442D-9624-2D78B56DF0AB}"
EndProject
Global
	GlobalSection(SolutionConfigurationPlatforms) = preSolution
		Debug|Any CPU = Debug|Any CPU
		Release|Any CPU = Release|Any CPU
	EndGlobalSection
	GlobalSection(ProjectConfigurationPlatforms) = postSolution
		{EFD93F97-5268-442D-9624-2D78B56DF0AB}.Debug|Any CPU.ActiveCfg = Debug|Any CPU
		{EFD93F97-5268-442D-9624-2D78B56DF0AB}.Debug|Any CPU.Build.0 = Debug|Any CPU
		{EFD93F97-5268-442D-9624-2D78B56DF0AB}.Release|Any CPU.ActiveCfg = Release|Any CPU
		{EFD93F97-5268-442D-9624-2D78B56DF0AB}.Release|Any CPU.Build.0 = Release|Any CPU
	EndGlobalSection
	GlobalSection(SolutionProperties) = preSolution
		HideSolutionNode = FALSE
	EndGlobalSection
EndGlobal
